
Microsoft Visual Studio Solution File, Format Version 12.00
# Visual Studio Version 16
VisualStudioVersion = 16.0.29709.97
MinimumVisualStudioVersion = 10.0.40219.1
Project("{2150E333-8FDC-42A3-9474-1A3956D46DE8}") = "Ch01", "Ch01", "{F7E0FE20-9486-4601-AE0F-BD0D183432D2}"
EndProject
Project("{8BC9CEB8-8B4A-11D0-8D11-00A0C91BC942}") = "FirstApp", "FirstApp\FirstApp.vcxproj", "{F5EF5407-DCEB-4BE2-975C-F75B5D7DA42A}"
EndProject
Project("{8BC9CEB8-8B4A-11D0-8D11-00A0C91BC942}") = "NewAndNew", "NewAndNew\NewAndNew.vcxproj", "{6D193D35-FE2F-4BD2-87E5-B1B7AD82D80C}"
EndProject
Project("{8BC9CEB8-8B4A-11D0-8D11-00A0C91BC942}") = "EscapeTest", "EscapeTest\EscapeTest.vcxproj", "{D06B9DAB-71DE-46C3-A6F9-DF5D983CBE7F}"
EndProject
Project("{8BC9CEB8-8B4A-11D0-8D11-00A0C91BC942}") = "MyTemplateApp", "MyTemplateApp\MyTemplateApp.vcxproj", "{955778F8-E1E4-4718-82CB-D04A72BB17AB}"
EndProject
Project("{8BC9CEB8-8B4A-11D0-8D11-00A0C91BC942}") = "TemplateTest", "TemplateTest\TemplateTest.vcxproj", "{88FFFF39-5093-4F02-9DC3-7534DEC1C3B8}"
EndProject
Project("{2150E333-8FDC-42A3-9474-1A3956D46DE8}") = "Ch03", "Ch03", "{4FD1657F-618B-40CB-8E6B-21D7746683D9}"
EndProject
Project("{8BC9CEB8-8B4A-11D0-8D11-00A0C91BC942}") = "VarTest", "VarTest\VarTest.vcxproj", "{0D29B39F-5D79-4805-A49F-32C97ED28FE2}"
EndProject
Project("{8BC9CEB8-8B4A-11D0-8D11-00A0C91BC942}") = "StringTest", "StringTest\StringTest.vcxproj", "{1E026F9F-069F-46C4-958C-1A5810FE52B2}"
EndProject
Project("{2150E333-8FDC-42A3-9474-1A3956D46DE8}") = "Ch04", "Ch04", "{0CCB42BD-8B27-4931-96A8-A0C9883F5EE3}"
EndProject
Project("{8BC9CEB8-8B4A-11D0-8D11-00A0C91BC942}") = "DivideTest", "DivideTest\DivideTest.vcxproj", "{7799D815-AB8A-49BB-9B7E-F29EB11D7739}"
EndProject
Project("{8BC9CEB8-8B4A-11D0-8D11-00A0C91BC942}") = "CastTest", "CastTest\CastTest.vcxproj", "{4DE4CED6-9865-4C70-9585-65E8BEE349B3}"
EndProject
Project("{8BC9CEB8-8B4A-11D0-8D11-00A0C91BC942}") = "OpTestApp", "OpTestApp\OpTestApp.vcxproj", "{E8A91F8E-C97E-44A6-90B9-002215DAFFC8}"
EndProject
Project("{2150E333-8FDC-42A3-9474-1A3956D46DE8}") = "Ch05", "Ch05", "{58C87880-7587-4227-A8A7-57031816F28E}"
EndProject
Project("{8BC9CEB8-8B4A-11D0-8D11-00A0C91BC942}") = "IfTestApp", "IfTestApp\IfTestApp.vcxproj", "{CE85408D-E1CA-4119-AD36-E451222C2527}"
EndProject
Project("{8BC9CEB8-8B4A-11D0-8D11-00A0C91BC942}") = "SwitchTestApp", "SwitchTestApp\SwitchTestApp.vcxproj", "{E68634DA-9AB9-425E-B316-2F39C3DFA22B}"
EndProject
Project("{8BC9CEB8-8B4A-11D0-8D11-00A0C91BC942}") = "WhileTestApp", "WhileTestApp\WhileTestApp.vcxproj", "{A2D7885E-47FE-4394-9119-E31C4A9AA43A}"
EndProject
Project("{8BC9CEB8-8B4A-11D0-8D11-00A0C91BC942}") = "ForTestApp", "ForTestApp\ForTestApp.vcxproj", "{3167C321-227F-429A-AC57-070A134F704F}"
EndProject
Project("{8BC9CEB8-8B4A-11D0-8D11-00A0C91BC942}") = "MultiTableApp", "MultiTableApp\MultiTableApp.vcxproj", "{2E83D795-A061-496A-99DA-0F346FB0C94B}"
EndProject
Project("{2150E333-8FDC-42A3-9474-1A3956D46DE8}") = "Ch07", "Ch07", "{1EFD12FA-F7F1-4123-B7BE-E29BFF562113}"
EndProject
Project("{8BC9CEB8-8B4A-11D0-8D11-00A0C91BC942}") = "FuncTestApp", "FuncTestApp\FuncTestApp.vcxproj", "{C868415F-2CAA-4947-B925-14EFD9ECC5BE}"
EndProject
Project("{2150E333-8FDC-42A3-9474-1A3956D46DE8}") = "Ch08", "Ch08", "{2AD74A57-2DA6-4611-9607-BE9F95352D04}"
EndProject
Project("{8BC9CEB8-8B4A-11D0-8D11-00A0C91BC942}") = "ArrayTestApp", "ArrayTestApp\ArrayTestApp.vcxproj", "{0A1F14CC-8F82-49DE-8A9A-E5219823481C}"
EndProject
Project("{8BC9CEB8-8B4A-11D0-8D11-00A0C91BC942}") = "StringTestApp", "StringTestApp\StringTestApp.vcxproj", "{53B7075D-5651-4E6B-99F5-51643B379784}"
EndProject
Project("{2150E333-8FDC-42A3-9474-1A3956D46DE8}") = "Ch09", "Ch09", "{CC418851-7EAC-4DF4-B972-285ED2585588}"
EndProject
Project("{8BC9CEB8-8B4A-11D0-8D11-00A0C91BC942}") = "PointerTestApp", "PointerTestApp\PointerTestApp.vcxproj", "{4B9D6411-09C8-47BE-A455-265DA9C718D0}"
EndProject
Project("{8BC9CEB8-8B4A-11D0-8D11-00A0C91BC942}") = "SwapTestApp", "SwapTestApp\SwapTestApp.vcxproj", "{911292C3-C032-4F89-9EA1-204F440CAA6D}"
EndProject
Project("{2150E333-8FDC-42A3-9474-1A3956D46DE8}") = "Ch10", "Ch10", "{AF38D7AB-554C-4A36-A35B-966BFD5A8BF5}"
EndProject
Project("{8BC9CEB8-8B4A-11D0-8D11-00A0C91BC942}") = "ArrPtrTestApp", "ArrPtrTestApp\ArrPtrTestApp.vcxproj", "{B12B9A6A-E4F7-4637-BDE2-693B15E67057}"
EndProject
Project("{8BC9CEB8-8B4A-11D0-8D11-00A0C91BC942}") = "ArrPtrChkApp", "ArrPtrChkApp\ArrPtrChkApp.vcxproj", "{C29680D9-425A-4EF3-95E3-4C84E274056F}"
EndProject
Project("{8BC9CEB8-8B4A-11D0-8D11-00A0C91BC942}") = "FindMaxApp", "FindMaxApp\FindMaxApp.vcxproj", "{31D5DC99-7392-431E-9D9F-306C402BC174}"
EndProject
Project("{2150E333-8FDC-42A3-9474-1A3956D46DE8}") = "Ch11", "Ch11", "{45FA2D8A-5FD9-476F-A852-2FDCDD639B75}"
EndProject
Project("{8BC9CEB8-8B4A-11D0-8D11-00A0C91BC942}") = "CharTestApp", "CharTestApp\CharTestApp.vcxproj", "{B74A738C-155A-4128-B15D-4B50E0C2E2C9}"
EndProject
Project("{2150E333-8FDC-42A3-9474-1A3956D46DE8}") = "Ch12", "Ch12", "{D5865FA3-DEDD-406E-9965-B85EA51433F9}"
EndProject
Project("{8BC9CEB8-8B4A-11D0-8D11-00A0C91BC942}") = "StrTestApp", "StrTestApp\StrTestApp.vcxproj", "{BEDA8859-126D-4AE0-A5C8-972A28AD02E7}"
EndProject
Project("{8BC9CEB8-8B4A-11D0-8D11-00A0C91BC942}") = "IndiTest", "IndiTest\IndiTest.vcxproj", "{45FF79FF-793A-41BF-B95D-2334F30F9940}"
EndProject
Project("{2150E333-8FDC-42A3-9474-1A3956D46DE8}") = "Ch13", "Ch13", "{B1F15E34-AABA-4B4A-9E1A-CAC660F14B36}"
EndProject
Project("{8BC9CEB8-8B4A-11D0-8D11-00A0C91BC942}") = "VarTestApp", "VarTestApp\VarTestApp.vcxproj", "{415B0D66-E46A-40B6-8FCB-5DD35C8AE983}"
EndProject
Project("{8BC9CEB8-8B4A-11D0-8D11-00A0C91BC942}") = "StaticValTestApp", "StaticValTestApp\StaticValTestApp.vcxproj", "{6BC9E5A0-F071-414B-AC16-DEDB2A7F950E}"
EndProject
Project("{2150E333-8FDC-42A3-9474-1A3956D46DE8}") = "Ch14", "Ch14", "{5213FAB9-A4BB-4D60-80BE-A027F5274CF2}"
EndProject
Project("{8BC9CEB8-8B4A-11D0-8D11-00A0C91BC942}") = "SArryTestApp", "SArryTestApp\SArryTestApp.vcxproj", "{F3EF3279-B3AD-4371-8AAF-253FAE2CC99B}"
EndProject
Project("{2150E333-8FDC-42A3-9474-1A3956D46DE8}") = "Ch15", "Ch15", "{63684408-D9C3-4319-846D-897DACC5817D}"
EndProject
Project("{8BC9CEB8-8B4A-11D0-8D11-00A0C91BC942}") = "DoublePointerApp", "DoublePointerApp\DoublePointerApp.vcxproj", "{352006A9-33B7-4C99-BD0B-34D2AA68D4D3}"
EndProject
Project("{8BC9CEB8-8B4A-11D0-8D11-00A0C91BC942}") = "RegisterTestApp", "RegisterTestApp\RegisterTestApp.vcxproj", "{BFC00F83-5F27-49B7-A7FC-21CA5E9C25E4}"
EndProject
Project("{8BC9CEB8-8B4A-11D0-8D11-00A0C91BC942}") = "ThirdArrApp", "ThirdArrApp\ThirdArrApp.vcxproj", "{7CD1B8F2-A825-419C-983F-5F6F9EAA933E}"
EndProject
Project("{8BC9CEB8-8B4A-11D0-8D11-00A0C91BC942}") = "StringPtrApp", "StringPtrApp\StringPtrApp.vcxproj", "{A3BEDA7B-3F07-4611-A488-BFD41DCFFC8F}"
EndProject
Project("{8BC9CEB8-8B4A-11D0-8D11-00A0C91BC942}") = "PtrSwapApp", "PtrSwapApp\PtrSwapApp.vcxproj", "{9A0BE9CB-A639-4801-A5B3-33EFD536DA1B}"
EndProject
Project("{8BC9CEB8-8B4A-11D0-8D11-00A0C91BC942}") = "FuncPtrApp", "FuncPtrApp\FuncPtrApp.vcxproj", "{15D6EA38-56C1-4A3F-837A-BF810AEA7754}"
EndProject
Global
	GlobalSection(SolutionConfigurationPlatforms) = preSolution
		Debug|x64 = Debug|x64
		Debug|x86 = Debug|x86
		Release|x64 = Release|x64
		Release|x86 = Release|x86
	EndGlobalSection
	GlobalSection(ProjectConfigurationPlatforms) = postSolution
		{F5EF5407-DCEB-4BE2-975C-F75B5D7DA42A}.Debug|x64.ActiveCfg = Debug|x64
		{F5EF5407-DCEB-4BE2-975C-F75B5D7DA42A}.Debug|x64.Build.0 = Debug|x64
		{F5EF5407-DCEB-4BE2-975C-F75B5D7DA42A}.Debug|x86.ActiveCfg = Debug|Win32
		{F5EF5407-DCEB-4BE2-975C-F75B5D7DA42A}.Debug|x86.Build.0 = Debug|Win32
		{F5EF5407-DCEB-4BE2-975C-F75B5D7DA42A}.Release|x64.ActiveCfg = Release|x64
		{F5EF5407-DCEB-4BE2-975C-F75B5D7DA42A}.Release|x64.Build.0 = Release|x64
		{F5EF5407-DCEB-4BE2-975C-F75B5D7DA42A}.Release|x86.ActiveCfg = Release|Win32
		{F5EF5407-DCEB-4BE2-975C-F75B5D7DA42A}.Release|x86.Build.0 = Release|Win32
		{6D193D35-FE2F-4BD2-87E5-B1B7AD82D80C}.Debug|x64.ActiveCfg = Debug|x64
		{6D193D35-FE2F-4BD2-87E5-B1B7AD82D80C}.Debug|x64.Build.0 = Debug|x64
		{6D193D35-FE2F-4BD2-87E5-B1B7AD82D80C}.Debug|x86.ActiveCfg = Debug|Win32
		{6D193D35-FE2F-4BD2-87E5-B1B7AD82D80C}.Debug|x86.Build.0 = Debug|Win32
		{6D193D35-FE2F-4BD2-87E5-B1B7AD82D80C}.Release|x64.ActiveCfg = Release|x64
		{6D193D35-FE2F-4BD2-87E5-B1B7AD82D80C}.Release|x64.Build.0 = Release|x64
		{6D193D35-FE2F-4BD2-87E5-B1B7AD82D80C}.Release|x86.ActiveCfg = Release|Win32
		{6D193D35-FE2F-4BD2-87E5-B1B7AD82D80C}.Release|x86.Build.0 = Release|Win32
		{D06B9DAB-71DE-46C3-A6F9-DF5D983CBE7F}.Debug|x64.ActiveCfg = Debug|x64
		{D06B9DAB-71DE-46C3-A6F9-DF5D983CBE7F}.Debug|x64.Build.0 = Debug|x64
		{D06B9DAB-71DE-46C3-A6F9-DF5D983CBE7F}.Debug|x86.ActiveCfg = Debug|Win32
		{D06B9DAB-71DE-46C3-A6F9-DF5D983CBE7F}.Debug|x86.Build.0 = Debug|Win32
		{D06B9DAB-71DE-46C3-A6F9-DF5D983CBE7F}.Release|x64.ActiveCfg = Release|x64
		{D06B9DAB-71DE-46C3-A6F9-DF5D983CBE7F}.Release|x64.Build.0 = Release|x64
		{D06B9DAB-71DE-46C3-A6F9-DF5D983CBE7F}.Release|x86.ActiveCfg = Release|Win32
		{D06B9DAB-71DE-46C3-A6F9-DF5D983CBE7F}.Release|x86.Build.0 = Release|Win32
		{955778F8-E1E4-4718-82CB-D04A72BB17AB}.Debug|x64.ActiveCfg = Debug|x64
		{955778F8-E1E4-4718-82CB-D04A72BB17AB}.Debug|x64.Build.0 = Debug|x64
		{955778F8-E1E4-4718-82CB-D04A72BB17AB}.Debug|x86.ActiveCfg = Debug|Win32
		{955778F8-E1E4-4718-82CB-D04A72BB17AB}.Debug|x86.Build.0 = Debug|Win32
		{955778F8-E1E4-4718-82CB-D04A72BB17AB}.Release|x64.ActiveCfg = Release|x64
		{955778F8-E1E4-4718-82CB-D04A72BB17AB}.Release|x64.Build.0 = Release|x64
		{955778F8-E1E4-4718-82CB-D04A72BB17AB}.Release|x86.ActiveCfg = Release|Win32
		{955778F8-E1E4-4718-82CB-D04A72BB17AB}.Release|x86.Build.0 = Release|Win32
		{88FFFF39-5093-4F02-9DC3-7534DEC1C3B8}.Debug|x64.ActiveCfg = Debug|x64
		{88FFFF39-5093-4F02-9DC3-7534DEC1C3B8}.Debug|x64.Build.0 = Debug|x64
		{88FFFF39-5093-4F02-9DC3-7534DEC1C3B8}.Debug|x86.ActiveCfg = Debug|Win32
		{88FFFF39-5093-4F02-9DC3-7534DEC1C3B8}.Debug|x86.Build.0 = Debug|Win32
		{88FFFF39-5093-4F02-9DC3-7534DEC1C3B8}.Release|x64.ActiveCfg = Release|x64
		{88FFFF39-5093-4F02-9DC3-7534DEC1C3B8}.Release|x64.Build.0 = Release|x64
		{88FFFF39-5093-4F02-9DC3-7534DEC1C3B8}.Release|x86.ActiveCfg = Release|Win32
		{88FFFF39-5093-4F02-9DC3-7534DEC1C3B8}.Release|x86.Build.0 = Release|Win32
		{0D29B39F-5D79-4805-A49F-32C97ED28FE2}.Debug|x64.ActiveCfg = Debug|x64
		{0D29B39F-5D79-4805-A49F-32C97ED28FE2}.Debug|x64.Build.0 = Debug|x64
		{0D29B39F-5D79-4805-A49F-32C97ED28FE2}.Debug|x86.ActiveCfg = Debug|Win32
		{0D29B39F-5D79-4805-A49F-32C97ED28FE2}.Debug|x86.Build.0 = Debug|Win32
		{0D29B39F-5D79-4805-A49F-32C97ED28FE2}.Release|x64.ActiveCfg = Release|x64
		{0D29B39F-5D79-4805-A49F-32C97ED28FE2}.Release|x64.Build.0 = Release|x64
		{0D29B39F-5D79-4805-A49F-32C97ED28FE2}.Release|x86.ActiveCfg = Release|Win32
		{0D29B39F-5D79-4805-A49F-32C97ED28FE2}.Release|x86.Build.0 = Release|Win32
		{1E026F9F-069F-46C4-958C-1A5810FE52B2}.Debug|x64.ActiveCfg = Debug|x64
		{1E026F9F-069F-46C4-958C-1A5810FE52B2}.Debug|x64.Build.0 = Debug|x64
		{1E026F9F-069F-46C4-958C-1A5810FE52B2}.Debug|x86.ActiveCfg = Debug|Win32
		{1E026F9F-069F-46C4-958C-1A5810FE52B2}.Debug|x86.Build.0 = Debug|Win32
		{1E026F9F-069F-46C4-958C-1A5810FE52B2}.Release|x64.ActiveCfg = Release|x64
		{1E026F9F-069F-46C4-958C-1A5810FE52B2}.Release|x64.Build.0 = Release|x64
		{1E026F9F-069F-46C4-958C-1A5810FE52B2}.Release|x86.ActiveCfg = Release|Win32
		{1E026F9F-069F-46C4-958C-1A5810FE52B2}.Release|x86.Build.0 = Release|Win32
		{7799D815-AB8A-49BB-9B7E-F29EB11D7739}.Debug|x64.ActiveCfg = Debug|x64
		{7799D815-AB8A-49BB-9B7E-F29EB11D7739}.Debug|x64.Build.0 = Debug|x64
		{7799D815-AB8A-49BB-9B7E-F29EB11D7739}.Debug|x86.ActiveCfg = Debug|Win32
		{7799D815-AB8A-49BB-9B7E-F29EB11D7739}.Debug|x86.Build.0 = Debug|Win32
		{7799D815-AB8A-49BB-9B7E-F29EB11D7739}.Release|x64.ActiveCfg = Release|x64
		{7799D815-AB8A-49BB-9B7E-F29EB11D7739}.Release|x64.Build.0 = Release|x64
		{7799D815-AB8A-49BB-9B7E-F29EB11D7739}.Release|x86.ActiveCfg = Release|Win32
		{7799D815-AB8A-49BB-9B7E-F29EB11D7739}.Release|x86.Build.0 = Release|Win32
		{4DE4CED6-9865-4C70-9585-65E8BEE349B3}.Debug|x64.ActiveCfg = Debug|x64
		{4DE4CED6-9865-4C70-9585-65E8BEE349B3}.Debug|x64.Build.0 = Debug|x64
		{4DE4CED6-9865-4C70-9585-65E8BEE349B3}.Debug|x86.ActiveCfg = Debug|Win32
		{4DE4CED6-9865-4C70-9585-65E8BEE349B3}.Debug|x86.Build.0 = Debug|Win32
		{4DE4CED6-9865-4C70-9585-65E8BEE349B3}.Release|x64.ActiveCfg = Release|x64
		{4DE4CED6-9865-4C70-9585-65E8BEE349B3}.Release|x64.Build.0 = Release|x64
		{4DE4CED6-9865-4C70-9585-65E8BEE349B3}.Release|x86.ActiveCfg = Release|Win32
		{4DE4CED6-9865-4C70-9585-65E8BEE349B3}.Release|x86.Build.0 = Release|Win32
		{E8A91F8E-C97E-44A6-90B9-002215DAFFC8}.Debug|x64.ActiveCfg = Debug|x64
		{E8A91F8E-C97E-44A6-90B9-002215DAFFC8}.Debug|x64.Build.0 = Debug|x64
		{E8A91F8E-C97E-44A6-90B9-002215DAFFC8}.Debug|x86.ActiveCfg = Debug|Win32
		{E8A91F8E-C97E-44A6-90B9-002215DAFFC8}.Debug|x86.Build.0 = Debug|Win32
		{E8A91F8E-C97E-44A6-90B9-002215DAFFC8}.Release|x64.ActiveCfg = Release|x64
		{E8A91F8E-C97E-44A6-90B9-002215DAFFC8}.Release|x64.Build.0 = Release|x64
		{E8A91F8E-C97E-44A6-90B9-002215DAFFC8}.Release|x86.ActiveCfg = Release|Win32
		{E8A91F8E-C97E-44A6-90B9-002215DAFFC8}.Release|x86.Build.0 = Release|Win32
		{CE85408D-E1CA-4119-AD36-E451222C2527}.Debug|x64.ActiveCfg = Debug|x64
		{CE85408D-E1CA-4119-AD36-E451222C2527}.Debug|x64.Build.0 = Debug|x64
		{CE85408D-E1CA-4119-AD36-E451222C2527}.Debug|x86.ActiveCfg = Debug|Win32
		{CE85408D-E1CA-4119-AD36-E451222C2527}.Debug|x86.Build.0 = Debug|Win32
		{CE85408D-E1CA-4119-AD36-E451222C2527}.Release|x64.ActiveCfg = Release|x64
		{CE85408D-E1CA-4119-AD36-E451222C2527}.Release|x64.Build.0 = Release|x64
		{CE85408D-E1CA-4119-AD36-E451222C2527}.Release|x86.ActiveCfg = Release|Win32
		{CE85408D-E1CA-4119-AD36-E451222C2527}.Release|x86.Build.0 = Release|Win32
		{E68634DA-9AB9-425E-B316-2F39C3DFA22B}.Debug|x64.ActiveCfg = Debug|x64
		{E68634DA-9AB9-425E-B316-2F39C3DFA22B}.Debug|x64.Build.0 = Debug|x64
		{E68634DA-9AB9-425E-B316-2F39C3DFA22B}.Debug|x86.ActiveCfg = Debug|Win32
		{E68634DA-9AB9-425E-B316-2F39C3DFA22B}.Debug|x86.Build.0 = Debug|Win32
		{E68634DA-9AB9-425E-B316-2F39C3DFA22B}.Release|x64.ActiveCfg = Release|x64
		{E68634DA-9AB9-425E-B316-2F39C3DFA22B}.Release|x64.Build.0 = Release|x64
		{E68634DA-9AB9-425E-B316-2F39C3DFA22B}.Release|x86.ActiveCfg = Release|Win32
		{E68634DA-9AB9-425E-B316-2F39C3DFA22B}.Release|x86.Build.0 = Release|Win32
		{A2D7885E-47FE-4394-9119-E31C4A9AA43A}.Debug|x64.ActiveCfg = Debug|x64
		{A2D7885E-47FE-4394-9119-E31C4A9AA43A}.Debug|x64.Build.0 = Debug|x64
		{A2D7885E-47FE-4394-9119-E31C4A9AA43A}.Debug|x86.ActiveCfg = Debug|Win32
		{A2D7885E-47FE-4394-9119-E31C4A9AA43A}.Debug|x86.Build.0 = Debug|Win32
		{A2D7885E-47FE-4394-9119-E31C4A9AA43A}.Release|x64.ActiveCfg = Release|x64
		{A2D7885E-47FE-4394-9119-E31C4A9AA43A}.Release|x64.Build.0 = Release|x64
		{A2D7885E-47FE-4394-9119-E31C4A9AA43A}.Release|x86.ActiveCfg = Release|Win32
		{A2D7885E-47FE-4394-9119-E31C4A9AA43A}.Release|x86.Build.0 = Release|Win32
		{3167C321-227F-429A-AC57-070A134F704F}.Debug|x64.ActiveCfg = Debug|x64
		{3167C321-227F-429A-AC57-070A134F704F}.Debug|x64.Build.0 = Debug|x64
		{3167C321-227F-429A-AC57-070A134F704F}.Debug|x86.ActiveCfg = Debug|Win32
		{3167C321-227F-429A-AC57-070A134F704F}.Debug|x86.Build.0 = Debug|Win32
		{3167C321-227F-429A-AC57-070A134F704F}.Release|x64.ActiveCfg = Release|x64
		{3167C321-227F-429A-AC57-070A134F704F}.Release|x64.Build.0 = Release|x64
		{3167C321-227F-429A-AC57-070A134F704F}.Release|x86.ActiveCfg = Release|Win32
		{3167C321-227F-429A-AC57-070A134F704F}.Release|x86.Build.0 = Release|Win32
		{2E83D795-A061-496A-99DA-0F346FB0C94B}.Debug|x64.ActiveCfg = Debug|x64
		{2E83D795-A061-496A-99DA-0F346FB0C94B}.Debug|x64.Build.0 = Debug|x64
		{2E83D795-A061-496A-99DA-0F346FB0C94B}.Debug|x86.ActiveCfg = Debug|Win32
		{2E83D795-A061-496A-99DA-0F346FB0C94B}.Debug|x86.Build.0 = Debug|Win32
		{2E83D795-A061-496A-99DA-0F346FB0C94B}.Release|x64.ActiveCfg = Release|x64
		{2E83D795-A061-496A-99DA-0F346FB0C94B}.Release|x64.Build.0 = Release|x64
		{2E83D795-A061-496A-99DA-0F346FB0C94B}.Release|x86.ActiveCfg = Release|Win32
		{2E83D795-A061-496A-99DA-0F346FB0C94B}.Release|x86.Build.0 = Release|Win32
		{C868415F-2CAA-4947-B925-14EFD9ECC5BE}.Debug|x64.ActiveCfg = Debug|x64
		{C868415F-2CAA-4947-B925-14EFD9ECC5BE}.Debug|x64.Build.0 = Debug|x64
		{C868415F-2CAA-4947-B925-14EFD9ECC5BE}.Debug|x86.ActiveCfg = Debug|Win32
		{C868415F-2CAA-4947-B925-14EFD9ECC5BE}.Debug|x86.Build.0 = Debug|Win32
		{C868415F-2CAA-4947-B925-14EFD9ECC5BE}.Release|x64.ActiveCfg = Release|x64
		{C868415F-2CAA-4947-B925-14EFD9ECC5BE}.Release|x64.Build.0 = Release|x64
		{C868415F-2CAA-4947-B925-14EFD9ECC5BE}.Release|x86.ActiveCfg = Release|Win32
		{C868415F-2CAA-4947-B925-14EFD9ECC5BE}.Release|x86.Build.0 = Release|Win32
		{0A1F14CC-8F82-49DE-8A9A-E5219823481C}.Debug|x64.ActiveCfg = Debug|x64
		{0A1F14CC-8F82-49DE-8A9A-E5219823481C}.Debug|x64.Build.0 = Debug|x64
		{0A1F14CC-8F82-49DE-8A9A-E5219823481C}.Debug|x86.ActiveCfg = Debug|Win32
		{0A1F14CC-8F82-49DE-8A9A-E5219823481C}.Debug|x86.Build.0 = Debug|Win32
		{0A1F14CC-8F82-49DE-8A9A-E5219823481C}.Release|x64.ActiveCfg = Release|x64
		{0A1F14CC-8F82-49DE-8A9A-E5219823481C}.Release|x64.Build.0 = Release|x64
		{0A1F14CC-8F82-49DE-8A9A-E5219823481C}.Release|x86.ActiveCfg = Release|Win32
		{0A1F14CC-8F82-49DE-8A9A-E5219823481C}.Release|x86.Build.0 = Release|Win32
		{53B7075D-5651-4E6B-99F5-51643B379784}.Debug|x64.ActiveCfg = Debug|x64
		{53B7075D-5651-4E6B-99F5-51643B379784}.Debug|x64.Build.0 = Debug|x64
		{53B7075D-5651-4E6B-99F5-51643B379784}.Debug|x86.ActiveCfg = Debug|Win32
		{53B7075D-5651-4E6B-99F5-51643B379784}.Debug|x86.Build.0 = Debug|Win32
		{53B7075D-5651-4E6B-99F5-51643B379784}.Release|x64.ActiveCfg = Release|x64
		{53B7075D-5651-4E6B-99F5-51643B379784}.Release|x64.Build.0 = Release|x64
		{53B7075D-5651-4E6B-99F5-51643B379784}.Release|x86.ActiveCfg = Release|Win32
		{53B7075D-5651-4E6B-99F5-51643B379784}.Release|x86.Build.0 = Release|Win32
		{4B9D6411-09C8-47BE-A455-265DA9C718D0}.Debug|x64.ActiveCfg = Debug|x64
		{4B9D6411-09C8-47BE-A455-265DA9C718D0}.Debug|x64.Build.0 = Debug|x64
		{4B9D6411-09C8-47BE-A455-265DA9C718D0}.Debug|x86.ActiveCfg = Debug|Win32
		{4B9D6411-09C8-47BE-A455-265DA9C718D0}.Debug|x86.Build.0 = Debug|Win32
		{4B9D6411-09C8-47BE-A455-265DA9C718D0}.Release|x64.ActiveCfg = Release|x64
		{4B9D6411-09C8-47BE-A455-265DA9C718D0}.Release|x64.Build.0 = Release|x64
		{4B9D6411-09C8-47BE-A455-265DA9C718D0}.Release|x86.ActiveCfg = Release|Win32
		{4B9D6411-09C8-47BE-A455-265DA9C718D0}.Release|x86.Build.0 = Release|Win32
		{911292C3-C032-4F89-9EA1-204F440CAA6D}.Debug|x64.ActiveCfg = Debug|x64
		{911292C3-C032-4F89-9EA1-204F440CAA6D}.Debug|x64.Build.0 = Debug|x64
		{911292C3-C032-4F89-9EA1-204F440CAA6D}.Debug|x86.ActiveCfg = Debug|Win32
		{911292C3-C032-4F89-9EA1-204F440CAA6D}.Debug|x86.Build.0 = Debug|Win32
		{911292C3-C032-4F89-9EA1-204F440CAA6D}.Release|x64.ActiveCfg = Release|x64
		{911292C3-C032-4F89-9EA1-204F440CAA6D}.Release|x64.Build.0 = Release|x64
		{911292C3-C032-4F89-9EA1-204F440CAA6D}.Release|x86.ActiveCfg = Release|Win32
		{911292C3-C032-4F89-9EA1-204F440CAA6D}.Release|x86.Build.0 = Release|Win32
		{B12B9A6A-E4F7-4637-BDE2-693B15E67057}.Debug|x64.ActiveCfg = Debug|x64
		{B12B9A6A-E4F7-4637-BDE2-693B15E67057}.Debug|x64.Build.0 = Debug|x64
		{B12B9A6A-E4F7-4637-BDE2-693B15E67057}.Debug|x86.ActiveCfg = Debug|Win32
		{B12B9A6A-E4F7-4637-BDE2-693B15E67057}.Debug|x86.Build.0 = Debug|Win32
		{B12B9A6A-E4F7-4637-BDE2-693B15E67057}.Release|x64.ActiveCfg = Release|x64
		{B12B9A6A-E4F7-4637-BDE2-693B15E67057}.Release|x64.Build.0 = Release|x64
		{B12B9A6A-E4F7-4637-BDE2-693B15E67057}.Release|x86.ActiveCfg = Release|Win32
		{B12B9A6A-E4F7-4637-BDE2-693B15E67057}.Release|x86.Build.0 = Release|Win32
		{C29680D9-425A-4EF3-95E3-4C84E274056F}.Debug|x64.ActiveCfg = Debug|x64
		{C29680D9-425A-4EF3-95E3-4C84E274056F}.Debug|x64.Build.0 = Debug|x64
		{C29680D9-425A-4EF3-95E3-4C84E274056F}.Debug|x86.ActiveCfg = Debug|Win32
		{C29680D9-425A-4EF3-95E3-4C84E274056F}.Debug|x86.Build.0 = Debug|Win32
		{C29680D9-425A-4EF3-95E3-4C84E274056F}.Release|x64.ActiveCfg = Release|x64
		{C29680D9-425A-4EF3-95E3-4C84E274056F}.Release|x64.Build.0 = Release|x64
		{C29680D9-425A-4EF3-95E3-4C84E274056F}.Release|x86.ActiveCfg = Release|Win32
		{C29680D9-425A-4EF3-95E3-4C84E274056F}.Release|x86.Build.0 = Release|Win32
		{31D5DC99-7392-431E-9D9F-306C402BC174}.Debug|x64.ActiveCfg = Debug|x64
		{31D5DC99-7392-431E-9D9F-306C402BC174}.Debug|x64.Build.0 = Debug|x64
		{31D5DC99-7392-431E-9D9F-306C402BC174}.Debug|x86.ActiveCfg = Debug|Win32
		{31D5DC99-7392-431E-9D9F-306C402BC174}.Debug|x86.Build.0 = Debug|Win32
		{31D5DC99-7392-431E-9D9F-306C402BC174}.Release|x64.ActiveCfg = Release|x64
		{31D5DC99-7392-431E-9D9F-306C402BC174}.Release|x64.Build.0 = Release|x64
		{31D5DC99-7392-431E-9D9F-306C402BC174}.Release|x86.ActiveCfg = Release|Win32
		{31D5DC99-7392-431E-9D9F-306C402BC174}.Release|x86.Build.0 = Release|Win32
		{B74A738C-155A-4128-B15D-4B50E0C2E2C9}.Debug|x64.ActiveCfg = Debug|x64
		{B74A738C-155A-4128-B15D-4B50E0C2E2C9}.Debug|x64.Build.0 = Debug|x64
		{B74A738C-155A-4128-B15D-4B50E0C2E2C9}.Debug|x86.ActiveCfg = Debug|Win32
		{B74A738C-155A-4128-B15D-4B50E0C2E2C9}.Debug|x86.Build.0 = Debug|Win32
		{B74A738C-155A-4128-B15D-4B50E0C2E2C9}.Release|x64.ActiveCfg = Release|x64
		{B74A738C-155A-4128-B15D-4B50E0C2E2C9}.Release|x64.Build.0 = Release|x64
		{B74A738C-155A-4128-B15D-4B50E0C2E2C9}.Release|x86.ActiveCfg = Release|Win32
		{B74A738C-155A-4128-B15D-4B50E0C2E2C9}.Release|x86.Build.0 = Release|Win32
		{BEDA8859-126D-4AE0-A5C8-972A28AD02E7}.Debug|x64.ActiveCfg = Debug|x64
		{BEDA8859-126D-4AE0-A5C8-972A28AD02E7}.Debug|x64.Build.0 = Debug|x64
		{BEDA8859-126D-4AE0-A5C8-972A28AD02E7}.Debug|x86.ActiveCfg = Debug|Win32
		{BEDA8859-126D-4AE0-A5C8-972A28AD02E7}.Debug|x86.Build.0 = Debug|Win32
		{BEDA8859-126D-4AE0-A5C8-972A28AD02E7}.Release|x64.ActiveCfg = Release|x64
		{BEDA8859-126D-4AE0-A5C8-972A28AD02E7}.Release|x64.Build.0 = Release|x64
		{BEDA8859-126D-4AE0-A5C8-972A28AD02E7}.Release|x86.ActiveCfg = Release|Win32
		{BEDA8859-126D-4AE0-A5C8-972A28AD02E7}.Release|x86.Build.0 = Release|Win32
		{45FF79FF-793A-41BF-B95D-2334F30F9940}.Debug|x64.ActiveCfg = Debug|x64
		{45FF79FF-793A-41BF-B95D-2334F30F9940}.Debug|x64.Build.0 = Debug|x64
		{45FF79FF-793A-41BF-B95D-2334F30F9940}.Debug|x86.ActiveCfg = Debug|Win32
		{45FF79FF-793A-41BF-B95D-2334F30F9940}.Debug|x86.Build.0 = Debug|Win32
		{45FF79FF-793A-41BF-B95D-2334F30F9940}.Release|x64.ActiveCfg = Release|x64
		{45FF79FF-793A-41BF-B95D-2334F30F9940}.Release|x64.Build.0 = Release|x64
		{45FF79FF-793A-41BF-B95D-2334F30F9940}.Release|x86.ActiveCfg = Release|Win32
		{45FF79FF-793A-41BF-B95D-2334F30F9940}.Release|x86.Build.0 = Release|Win32
		{415B0D66-E46A-40B6-8FCB-5DD35C8AE983}.Debug|x64.ActiveCfg = Debug|x64
		{415B0D66-E46A-40B6-8FCB-5DD35C8AE983}.Debug|x64.Build.0 = Debug|x64
		{415B0D66-E46A-40B6-8FCB-5DD35C8AE983}.Debug|x86.ActiveCfg = Debug|Win32
		{415B0D66-E46A-40B6-8FCB-5DD35C8AE983}.Debug|x86.Build.0 = Debug|Win32
		{415B0D66-E46A-40B6-8FCB-5DD35C8AE983}.Release|x64.ActiveCfg = Release|x64
		{415B0D66-E46A-40B6-8FCB-5DD35C8AE983}.Release|x64.Build.0 = Release|x64
		{415B0D66-E46A-40B6-8FCB-5DD35C8AE983}.Release|x86.ActiveCfg = Release|Win32
		{415B0D66-E46A-40B6-8FCB-5DD35C8AE983}.Release|x86.Build.0 = Release|Win32
		{6BC9E5A0-F071-414B-AC16-DEDB2A7F950E}.Debug|x64.ActiveCfg = Debug|x64
		{6BC9E5A0-F071-414B-AC16-DEDB2A7F950E}.Debug|x64.Build.0 = Debug|x64
		{6BC9E5A0-F071-414B-AC16-DEDB2A7F950E}.Debug|x86.ActiveCfg = Debug|Win32
		{6BC9E5A0-F071-414B-AC16-DEDB2A7F950E}.Debug|x86.Build.0 = Debug|Win32
		{6BC9E5A0-F071-414B-AC16-DEDB2A7F950E}.Release|x64.ActiveCfg = Release|x64
		{6BC9E5A0-F071-414B-AC16-DEDB2A7F950E}.Release|x64.Build.0 = Release|x64
		{6BC9E5A0-F071-414B-AC16-DEDB2A7F950E}.Release|x86.ActiveCfg = Release|Win32
		{6BC9E5A0-F071-414B-AC16-DEDB2A7F950E}.Release|x86.Build.0 = Release|Win32
		{F3EF3279-B3AD-4371-8AAF-253FAE2CC99B}.Debug|x64.ActiveCfg = Debug|x64
		{F3EF3279-B3AD-4371-8AAF-253FAE2CC99B}.Debug|x64.Build.0 = Debug|x64
		{F3EF3279-B3AD-4371-8AAF-253FAE2CC99B}.Debug|x86.ActiveCfg = Debug|Win32
		{F3EF3279-B3AD-4371-8AAF-253FAE2CC99B}.Debug|x86.Build.0 = Debug|Win32
		{F3EF3279-B3AD-4371-8AAF-253FAE2CC99B}.Release|x64.ActiveCfg = Release|x64
		{F3EF3279-B3AD-4371-8AAF-253FAE2CC99B}.Release|x64.Build.0 = Release|x64
		{F3EF3279-B3AD-4371-8AAF-253FAE2CC99B}.Release|x86.ActiveCfg = Release|Win32
		{F3EF3279-B3AD-4371-8AAF-253FAE2CC99B}.Release|x86.Build.0 = Release|Win32
		{352006A9-33B7-4C99-BD0B-34D2AA68D4D3}.Debug|x64.ActiveCfg = Debug|x64
		{352006A9-33B7-4C99-BD0B-34D2AA68D4D3}.Debug|x64.Build.0 = Debug|x64
		{352006A9-33B7-4C99-BD0B-34D2AA68D4D3}.Debug|x86.ActiveCfg = Debug|Win32
		{352006A9-33B7-4C99-BD0B-34D2AA68D4D3}.Debug|x86.Build.0 = Debug|Win32
		{352006A9-33B7-4C99-BD0B-34D2AA68D4D3}.Release|x64.ActiveCfg = Release|x64
		{352006A9-33B7-4C99-BD0B-34D2AA68D4D3}.Release|x64.Build.0 = Release|x64
		{352006A9-33B7-4C99-BD0B-34D2AA68D4D3}.Release|x86.ActiveCfg = Release|Win32
		{352006A9-33B7-4C99-BD0B-34D2AA68D4D3}.Release|x86.Build.0 = Release|Win32
		{BFC00F83-5F27-49B7-A7FC-21CA5E9C25E4}.Debug|x64.ActiveCfg = Debug|x64
		{BFC00F83-5F27-49B7-A7FC-21CA5E9C25E4}.Debug|x64.Build.0 = Debug|x64
		{BFC00F83-5F27-49B7-A7FC-21CA5E9C25E4}.Debug|x86.ActiveCfg = Debug|Win32
		{BFC00F83-5F27-49B7-A7FC-21CA5E9C25E4}.Debug|x86.Build.0 = Debug|Win32
		{BFC00F83-5F27-49B7-A7FC-21CA5E9C25E4}.Release|x64.ActiveCfg = Release|x64
		{BFC00F83-5F27-49B7-A7FC-21CA5E9C25E4}.Release|x64.Build.0 = Release|x64
		{BFC00F83-5F27-49B7-A7FC-21CA5E9C25E4}.Release|x86.ActiveCfg = Release|Win32
		{BFC00F83-5F27-49B7-A7FC-21CA5E9C25E4}.Release|x86.Build.0 = Release|Win32
		{7CD1B8F2-A825-419C-983F-5F6F9EAA933E}.Debug|x64.ActiveCfg = Debug|x64
		{7CD1B8F2-A825-419C-983F-5F6F9EAA933E}.Debug|x64.Build.0 = Debug|x64
		{7CD1B8F2-A825-419C-983F-5F6F9EAA933E}.Debug|x86.ActiveCfg = Debug|Win32
		{7CD1B8F2-A825-419C-983F-5F6F9EAA933E}.Debug|x86.Build.0 = Debug|Win32
		{7CD1B8F2-A825-419C-983F-5F6F9EAA933E}.Release|x64.ActiveCfg = Release|x64
		{7CD1B8F2-A825-419C-983F-5F6F9EAA933E}.Release|x64.Build.0 = Release|x64
		{7CD1B8F2-A825-419C-983F-5F6F9EAA933E}.Release|x86.ActiveCfg = Release|Win32
		{7CD1B8F2-A825-419C-983F-5F6F9EAA933E}.Release|x86.Build.0 = Release|Win32
		{A3BEDA7B-3F07-4611-A488-BFD41DCFFC8F}.Debug|x64.ActiveCfg = Debug|x64
		{A3BEDA7B-3F07-4611-A488-BFD41DCFFC8F}.Debug|x64.Build.0 = Debug|x64
		{A3BEDA7B-3F07-4611-A488-BFD41DCFFC8F}.Debug|x86.ActiveCfg = Debug|Win32
		{A3BEDA7B-3F07-4611-A488-BFD41DCFFC8F}.Debug|x86.Build.0 = Debug|Win32
		{A3BEDA7B-3F07-4611-A488-BFD41DCFFC8F}.Release|x64.ActiveCfg = Release|x64
		{A3BEDA7B-3F07-4611-A488-BFD41DCFFC8F}.Release|x64.Build.0 = Release|x64
		{A3BEDA7B-3F07-4611-A488-BFD41DCFFC8F}.Release|x86.ActiveCfg = Release|Win32
		{A3BEDA7B-3F07-4611-A488-BFD41DCFFC8F}.Release|x86.Build.0 = Release|Win32
		{9A0BE9CB-A639-4801-A5B3-33EFD536DA1B}.Debug|x64.ActiveCfg = Debug|x64
		{9A0BE9CB-A639-4801-A5B3-33EFD536DA1B}.Debug|x64.Build.0 = Debug|x64
		{9A0BE9CB-A639-4801-A5B3-33EFD536DA1B}.Debug|x86.ActiveCfg = Debug|Win32
		{9A0BE9CB-A639-4801-A5B3-33EFD536DA1B}.Debug|x86.Build.0 = Debug|Win32
		{9A0BE9CB-A639-4801-A5B3-33EFD536DA1B}.Release|x64.ActiveCfg = Release|x64
		{9A0BE9CB-A639-4801-A5B3-33EFD536DA1B}.Release|x64.Build.0 = Release|x64
		{9A0BE9CB-A639-4801-A5B3-33EFD536DA1B}.Release|x86.ActiveCfg = Release|Win32
		{9A0BE9CB-A639-4801-A5B3-33EFD536DA1B}.Release|x86.Build.0 = Release|Win32
		{15D6EA38-56C1-4A3F-837A-BF810AEA7754}.Debug|x64.ActiveCfg = Debug|x64
		{15D6EA38-56C1-4A3F-837A-BF810AEA7754}.Debug|x64.Build.0 = Debug|x64
		{15D6EA38-56C1-4A3F-837A-BF810AEA7754}.Debug|x86.ActiveCfg = Debug|Win32
		{15D6EA38-56C1-4A3F-837A-BF810AEA7754}.Debug|x86.Build.0 = Debug|Win32
		{15D6EA38-56C1-4A3F-837A-BF810AEA7754}.Release|x64.ActiveCfg = Release|x64
		{15D6EA38-56C1-4A3F-837A-BF810AEA7754}.Release|x64.Build.0 = Release|x64
		{15D6EA38-56C1-4A3F-837A-BF810AEA7754}.Release|x86.ActiveCfg = Release|Win32
		{15D6EA38-56C1-4A3F-837A-BF810AEA7754}.Release|x86.Build.0 = Release|Win32
	EndGlobalSection
	GlobalSection(SolutionProperties) = preSolution
		HideSolutionNode = FALSE
	EndGlobalSection
	GlobalSection(NestedProjects) = preSolution
		{F5EF5407-DCEB-4BE2-975C-F75B5D7DA42A} = {F7E0FE20-9486-4601-AE0F-BD0D183432D2}
		{6D193D35-FE2F-4BD2-87E5-B1B7AD82D80C} = {F7E0FE20-9486-4601-AE0F-BD0D183432D2}
		{D06B9DAB-71DE-46C3-A6F9-DF5D983CBE7F} = {F7E0FE20-9486-4601-AE0F-BD0D183432D2}
		{955778F8-E1E4-4718-82CB-D04A72BB17AB} = {F7E0FE20-9486-4601-AE0F-BD0D183432D2}
		{88FFFF39-5093-4F02-9DC3-7534DEC1C3B8} = {F7E0FE20-9486-4601-AE0F-BD0D183432D2}
		{0D29B39F-5D79-4805-A49F-32C97ED28FE2} = {4FD1657F-618B-40CB-8E6B-21D7746683D9}
		{1E026F9F-069F-46C4-958C-1A5810FE52B2} = {4FD1657F-618B-40CB-8E6B-21D7746683D9}
		{7799D815-AB8A-49BB-9B7E-F29EB11D7739} = {0CCB42BD-8B27-4931-96A8-A0C9883F5EE3}
		{4DE4CED6-9865-4C70-9585-65E8BEE349B3} = {0CCB42BD-8B27-4931-96A8-A0C9883F5EE3}
		{E8A91F8E-C97E-44A6-90B9-002215DAFFC8} = {0CCB42BD-8B27-4931-96A8-A0C9883F5EE3}
		{CE85408D-E1CA-4119-AD36-E451222C2527} = {58C87880-7587-4227-A8A7-57031816F28E}
		{E68634DA-9AB9-425E-B316-2F39C3DFA22B} = {58C87880-7587-4227-A8A7-57031816F28E}
		{A2D7885E-47FE-4394-9119-E31C4A9AA43A} = {58C87880-7587-4227-A8A7-57031816F28E}
		{3167C321-227F-429A-AC57-070A134F704F} = {58C87880-7587-4227-A8A7-57031816F28E}
		{2E83D795-A061-496A-99DA-0F346FB0C94B} = {58C87880-7587-4227-A8A7-57031816F28E}
		{C868415F-2CAA-4947-B925-14EFD9ECC5BE} = {1EFD12FA-F7F1-4123-B7BE-E29BFF562113}
		{0A1F14CC-8F82-49DE-8A9A-E5219823481C} = {2AD74A57-2DA6-4611-9607-BE9F95352D04}
		{53B7075D-5651-4E6B-99F5-51643B379784} = {2AD74A57-2DA6-4611-9607-BE9F95352D04}
		{4B9D6411-09C8-47BE-A455-265DA9C718D0} = {CC418851-7EAC-4DF4-B972-285ED2585588}
		{911292C3-C032-4F89-9EA1-204F440CAA6D} = {CC418851-7EAC-4DF4-B972-285ED2585588}
		{B12B9A6A-E4F7-4637-BDE2-693B15E67057} = {AF38D7AB-554C-4A36-A35B-966BFD5A8BF5}
		{C29680D9-425A-4EF3-95E3-4C84E274056F} = {AF38D7AB-554C-4A36-A35B-966BFD5A8BF5}
		{31D5DC99-7392-431E-9D9F-306C402BC174} = {AF38D7AB-554C-4A36-A35B-966BFD5A8BF5}
		{B74A738C-155A-4128-B15D-4B50E0C2E2C9} = {45FA2D8A-5FD9-476F-A852-2FDCDD639B75}
		{BEDA8859-126D-4AE0-A5C8-972A28AD02E7} = {D5865FA3-DEDD-406E-9965-B85EA51433F9}
		{45FF79FF-793A-41BF-B95D-2334F30F9940} = {D5865FA3-DEDD-406E-9965-B85EA51433F9}
		{415B0D66-E46A-40B6-8FCB-5DD35C8AE983} = {B1F15E34-AABA-4B4A-9E1A-CAC660F14B36}
		{6BC9E5A0-F071-414B-AC16-DEDB2A7F950E} = {B1F15E34-AABA-4B4A-9E1A-CAC660F14B36}
		{F3EF3279-B3AD-4371-8AAF-253FAE2CC99B} = {5213FAB9-A4BB-4D60-80BE-A027F5274CF2}
		{352006A9-33B7-4C99-BD0B-34D2AA68D4D3} = {63684408-D9C3-4319-846D-897DACC5817D}
		{BFC00F83-5F27-49B7-A7FC-21CA5E9C25E4} = {63684408-D9C3-4319-846D-897DACC5817D}
		{7CD1B8F2-A825-419C-983F-5F6F9EAA933E} = {5213FAB9-A4BB-4D60-80BE-A027F5274CF2}
		{A3BEDA7B-3F07-4611-A488-BFD41DCFFC8F} = {5213FAB9-A4BB-4D60-80BE-A027F5274CF2}
		{9A0BE9CB-A639-4801-A5B3-33EFD536DA1B} = {63684408-D9C3-4319-846D-897DACC5817D}
		{15D6EA38-56C1-4A3F-837A-BF810AEA7754} = {63684408-D9C3-4319-846D-897DACC5817D}
	EndGlobalSection
	GlobalSection(ExtensibilityGlobals) = postSolution
		SolutionGuid = {6B1F3FA4-51B8-4F0D-9C01-97961F79DE1D}
	EndGlobalSection
EndGlobal
